
Microsoft Visual Studio Solution File, Format Version 12.00
# Visual Studio Version 17
VisualStudioVersion = 17.10.35122.118
MinimumVisualStudioVersion = 10.0.40219.1
Project("{888888A0-9F3D-457C-B088-3A5042F75D52}") = "Shopping List", "Shopping List\Shopping List.pyproj", "{19BB3334-AD2E-4DD4-BA9C-170DFC3260BE}"
EndProject
Global
	GlobalSection(SolutionConfigurationPlatforms) = preSolution
		Debug|Any CPU = Debug|Any CPU
		Release|Any CPU = Release|Any CPU
	EndGlobalSection
	GlobalSection(ProjectConfigurationPlatforms) = postSolution
		{19BB3334-AD2E-4DD4-BA9C-170DFC3260BE}.Debug|Any CPU.ActiveCfg = Debug|Any CPU
		{19BB3334-AD2E-4DD4-BA9C-170DFC3260BE}.Release|Any CPU.ActiveCfg = Release|Any CPU
	EndGlobalSection
	GlobalSection(SolutionProperties) = preSolution
		HideSolutionNode = FALSE
	EndGlobalSection
	GlobalSection(ExtensibilityGlobals) = postSolution
		SolutionGuid = {C9815B20-6440-46AE-9B01-6F44584F3CD1}
	EndGlobalSection
EndGlobal
