
Microsoft Visual Studio Solution File, Format Version 12.00
# Visual Studio Version 17
VisualStudioVersion = 17.10.35122.118
MinimumVisualStudioVersion = 10.0.40219.1
Project("{888888A0-9F3D-457C-B088-3A5042F75D52}") = "VotingCount", "VotingCount\VotingCount.pyproj", "{99A3C66B-249A-40DC-9242-662E088AAD4D}"
EndProject
Global
	GlobalSection(SolutionConfigurationPlatforms) = preSolution
		Debug|Any CPU = Debug|Any CPU
		Release|Any CPU = Release|Any CPU
	EndGlobalSection
	GlobalSection(ProjectConfigurationPlatforms) = postSolution
		{99A3C66B-249A-40DC-9242-662E088AAD4D}.Debug|Any CPU.ActiveCfg = Debug|Any CPU
		{99A3C66B-249A-40DC-9242-662E088AAD4D}.Release|Any CPU.ActiveCfg = Release|Any CPU
	EndGlobalSection
	GlobalSection(SolutionProperties) = preSolution
		HideSolutionNode = FALSE
	EndGlobalSection
	GlobalSection(ExtensibilityGlobals) = postSolution
		SolutionGuid = {7C67297F-CB0C-4AD6-B980-94B2CE5E5B66}
	EndGlobalSection
EndGlobal
