
Microsoft Visual Studio Solution File, Format Version 12.00
# Visual Studio Version 17
VisualStudioVersion = 17.10.35122.118
MinimumVisualStudioVersion = 10.0.40219.1
Project("{888888A0-9F3D-457C-B088-3A5042F75D52}") = "TwoDicePig", "TwoDicePig\TwoDicePig.pyproj", "{240EFB82-86FC-4309-8583-E6472A7B5C97}"
EndProject
Global
	GlobalSection(SolutionConfigurationPlatforms) = preSolution
		Debug|Any CPU = Debug|Any CPU
		Release|Any CPU = Release|Any CPU
	EndGlobalSection
	GlobalSection(ProjectConfigurationPlatforms) = postSolution
		{240EFB82-86FC-4309-8583-E6472A7B5C97}.Debug|Any CPU.ActiveCfg = Debug|Any CPU
		{240EFB82-86FC-4309-8583-E6472A7B5C97}.Release|Any CPU.ActiveCfg = Release|Any CPU
	EndGlobalSection
	GlobalSection(SolutionProperties) = preSolution
		HideSolutionNode = FALSE
	EndGlobalSection
	GlobalSection(ExtensibilityGlobals) = postSolution
		SolutionGuid = {4C0ED827-0CC3-49B6-9783-EF91D5B81444}
	EndGlobalSection
EndGlobal
