
Microsoft Visual Studio Solution File, Format Version 12.00
# Visual Studio Version 17
VisualStudioVersion = 17.10.35122.118
MinimumVisualStudioVersion = 10.0.40219.1
Project("{888888A0-9F3D-457C-B088-3A5042F75D52}") = "CarpetCost", "CarpetCost\CarpetCost.pyproj", "{967F96FE-FF7A-4E8E-8F9F-8167A0F28178}"
EndProject
Global
	GlobalSection(SolutionConfigurationPlatforms) = preSolution
		Debug|Any CPU = Debug|Any CPU
		Release|Any CPU = Release|Any CPU
	EndGlobalSection
	GlobalSection(ProjectConfigurationPlatforms) = postSolution
		{967F96FE-FF7A-4E8E-8F9F-8167A0F28178}.Debug|Any CPU.ActiveCfg = Debug|Any CPU
		{967F96FE-FF7A-4E8E-8F9F-8167A0F28178}.Release|Any CPU.ActiveCfg = Release|Any CPU
	EndGlobalSection
	GlobalSection(SolutionProperties) = preSolution
		HideSolutionNode = FALSE
	EndGlobalSection
	GlobalSection(ExtensibilityGlobals) = postSolution
		SolutionGuid = {7D1E411C-497B-437C-B3EF-75929CBF7ED8}
	EndGlobalSection
EndGlobal
