
Microsoft Visual Studio Solution File, Format Version 12.00
# Visual Studio Version 17
VisualStudioVersion = 17.10.35122.118
MinimumVisualStudioVersion = 10.0.40219.1
Project("{888888A0-9F3D-457C-B088-3A5042F75D52}") = "Fibbonacci", "Fibbonacci\Fibbonacci.pyproj", "{5C8D8375-A1CD-4CCB-A43C-04B79A099399}"
EndProject
Global
	GlobalSection(SolutionConfigurationPlatforms) = preSolution
		Debug|Any CPU = Debug|Any CPU
		Release|Any CPU = Release|Any CPU
	EndGlobalSection
	GlobalSection(ProjectConfigurationPlatforms) = postSolution
		{5C8D8375-A1CD-4CCB-A43C-04B79A099399}.Debug|Any CPU.ActiveCfg = Debug|Any CPU
		{5C8D8375-A1CD-4CCB-A43C-04B79A099399}.Release|Any CPU.ActiveCfg = Release|Any CPU
	EndGlobalSection
	GlobalSection(SolutionProperties) = preSolution
		HideSolutionNode = FALSE
	EndGlobalSection
	GlobalSection(ExtensibilityGlobals) = postSolution
		SolutionGuid = {A0569066-49B4-4CAE-9D49-F53DB91C5574}
	EndGlobalSection
EndGlobal
