
Microsoft Visual Studio Solution File, Format Version 12.00
# Visual Studio Version 17
VisualStudioVersion = 17.10.35122.118
MinimumVisualStudioVersion = 10.0.40219.1
Project("{888888A0-9F3D-457C-B088-3A5042F75D52}") = "CashPoint", "CashPoint\CashPoint.pyproj", "{6E20FDDE-BD9C-45E5-B1DB-746202A1CF19}"
EndProject
Global
	GlobalSection(SolutionConfigurationPlatforms) = preSolution
		Debug|Any CPU = Debug|Any CPU
		Release|Any CPU = Release|Any CPU
	EndGlobalSection
	GlobalSection(ProjectConfigurationPlatforms) = postSolution
		{6E20FDDE-BD9C-45E5-B1DB-746202A1CF19}.Debug|Any CPU.ActiveCfg = Debug|Any CPU
		{6E20FDDE-BD9C-45E5-B1DB-746202A1CF19}.Release|Any CPU.ActiveCfg = Release|Any CPU
	EndGlobalSection
	GlobalSection(SolutionProperties) = preSolution
		HideSolutionNode = FALSE
	EndGlobalSection
	GlobalSection(ExtensibilityGlobals) = postSolution
		SolutionGuid = {C9DA0D3B-CD15-4DDA-A8DD-50E17C6DCBD4}
	EndGlobalSection
EndGlobal
