
Microsoft Visual Studio Solution File, Format Version 12.00
# Visual Studio Version 17
VisualStudioVersion = 17.10.35122.118
MinimumVisualStudioVersion = 10.0.40219.1
Project("{888888A0-9F3D-457C-B088-3A5042F75D52}") = "RandomNameGenerator", "RandomNameGenerator\RandomNameGenerator.pyproj", "{0ED831B3-2871-4995-A8C1-2D084E8D7A2D}"
EndProject
Global
	GlobalSection(SolutionConfigurationPlatforms) = preSolution
		Debug|Any CPU = Debug|Any CPU
		Release|Any CPU = Release|Any CPU
	EndGlobalSection
	GlobalSection(ProjectConfigurationPlatforms) = postSolution
		{0ED831B3-2871-4995-A8C1-2D084E8D7A2D}.Debug|Any CPU.ActiveCfg = Debug|Any CPU
		{0ED831B3-2871-4995-A8C1-2D084E8D7A2D}.Release|Any CPU.ActiveCfg = Release|Any CPU
	EndGlobalSection
	GlobalSection(SolutionProperties) = preSolution
		HideSolutionNode = FALSE
	EndGlobalSection
	GlobalSection(ExtensibilityGlobals) = postSolution
		SolutionGuid = {E707E316-B5AD-4306-A4F2-5945508CD2BD}
	EndGlobalSection
EndGlobal
