
Microsoft Visual Studio Solution File, Format Version 12.00
# Visual Studio Version 17
VisualStudioVersion = 17.10.35122.118
MinimumVisualStudioVersion = 10.0.40219.1
Project("{888888A0-9F3D-457C-B088-3A5042F75D52}") = "ContinentBucketList", "ContinentBucketList\ContinentBucketList.pyproj", "{BA95C645-20A9-4B6E-BA5A-83819F5ED8C3}"
EndProject
Global
	GlobalSection(SolutionConfigurationPlatforms) = preSolution
		Debug|Any CPU = Debug|Any CPU
		Release|Any CPU = Release|Any CPU
	EndGlobalSection
	GlobalSection(ProjectConfigurationPlatforms) = postSolution
		{BA95C645-20A9-4B6E-BA5A-83819F5ED8C3}.Debug|Any CPU.ActiveCfg = Debug|Any CPU
		{BA95C645-20A9-4B6E-BA5A-83819F5ED8C3}.Release|Any CPU.ActiveCfg = Release|Any CPU
	EndGlobalSection
	GlobalSection(SolutionProperties) = preSolution
		HideSolutionNode = FALSE
	EndGlobalSection
	GlobalSection(ExtensibilityGlobals) = postSolution
		SolutionGuid = {53850B7C-369D-40F3-976A-A7C2D6475758}
	EndGlobalSection
EndGlobal
