
Microsoft Visual Studio Solution File, Format Version 12.00
# Visual Studio Version 17
VisualStudioVersion = 17.10.35122.118
MinimumVisualStudioVersion = 10.0.40219.1
Project("{888888A0-9F3D-457C-B088-3A5042F75D52}") = "PlayYourCardsRight", "PlayYourCardsRight\PlayYourCardsRight.pyproj", "{DFC61C9D-2CCD-400B-AC38-750FF8AC407E}"
EndProject
Global
	GlobalSection(SolutionConfigurationPlatforms) = preSolution
		Debug|Any CPU = Debug|Any CPU
		Release|Any CPU = Release|Any CPU
	EndGlobalSection
	GlobalSection(ProjectConfigurationPlatforms) = postSolution
		{DFC61C9D-2CCD-400B-AC38-750FF8AC407E}.Debug|Any CPU.ActiveCfg = Debug|Any CPU
		{DFC61C9D-2CCD-400B-AC38-750FF8AC407E}.Release|Any CPU.ActiveCfg = Release|Any CPU
	EndGlobalSection
	GlobalSection(SolutionProperties) = preSolution
		HideSolutionNode = FALSE
	EndGlobalSection
	GlobalSection(ExtensibilityGlobals) = postSolution
		SolutionGuid = {6E72E110-693C-47FC-B64E-4DAF0788348C}
	EndGlobalSection
EndGlobal
