
Microsoft Visual Studio Solution File, Format Version 12.00
# Visual Studio Version 17
VisualStudioVersion = 17.10.35122.118
MinimumVisualStudioVersion = 10.0.40219.1
Project("{888888A0-9F3D-457C-B088-3A5042F75D52}") = "WordGame", "WordGame\WordGame.pyproj", "{D521A2C7-25FA-42FA-A175-5952248CF3E2}"
EndProject
Global
	GlobalSection(SolutionConfigurationPlatforms) = preSolution
		Debug|Any CPU = Debug|Any CPU
		Release|Any CPU = Release|Any CPU
	EndGlobalSection
	GlobalSection(ProjectConfigurationPlatforms) = postSolution
		{D521A2C7-25FA-42FA-A175-5952248CF3E2}.Debug|Any CPU.ActiveCfg = Debug|Any CPU
		{D521A2C7-25FA-42FA-A175-5952248CF3E2}.Release|Any CPU.ActiveCfg = Release|Any CPU
	EndGlobalSection
	GlobalSection(SolutionProperties) = preSolution
		HideSolutionNode = FALSE
	EndGlobalSection
	GlobalSection(ExtensibilityGlobals) = postSolution
		SolutionGuid = {82D88DBC-571B-444B-8D8A-6EEF9DA54954}
	EndGlobalSection
EndGlobal
