
Microsoft Visual Studio Solution File, Format Version 12.00
# Visual Studio Version 17
VisualStudioVersion = 17.10.35122.118
MinimumVisualStudioVersion = 10.0.40219.1
Project("{888888A0-9F3D-457C-B088-3A5042F75D52}") = "SaveTheChange", "SaveTheChange\SaveTheChange.pyproj", "{22551550-44F7-4956-8C24-8CC1EACF3CCD}"
EndProject
Global
	GlobalSection(SolutionConfigurationPlatforms) = preSolution
		Debug|Any CPU = Debug|Any CPU
		Release|Any CPU = Release|Any CPU
	EndGlobalSection
	GlobalSection(ProjectConfigurationPlatforms) = postSolution
		{22551550-44F7-4956-8C24-8CC1EACF3CCD}.Debug|Any CPU.ActiveCfg = Debug|Any CPU
		{22551550-44F7-4956-8C24-8CC1EACF3CCD}.Release|Any CPU.ActiveCfg = Release|Any CPU
	EndGlobalSection
	GlobalSection(SolutionProperties) = preSolution
		HideSolutionNode = FALSE
	EndGlobalSection
	GlobalSection(ExtensibilityGlobals) = postSolution
		SolutionGuid = {81042B5B-E9D9-44EE-962C-14290B71BBAF}
	EndGlobalSection
EndGlobal
