
Microsoft Visual Studio Solution File, Format Version 12.00
# Visual Studio Version 17
VisualStudioVersion = 17.10.35122.118
MinimumVisualStudioVersion = 10.0.40219.1
Project("{888888A0-9F3D-457C-B088-3A5042F75D52}") = "CutTheDeck", "CutTheDeck\CutTheDeck.pyproj", "{A1722445-71DB-42BD-A8EB-9FA27B1A7177}"
EndProject
Global
	GlobalSection(SolutionConfigurationPlatforms) = preSolution
		Debug|Any CPU = Debug|Any CPU
		Release|Any CPU = Release|Any CPU
	EndGlobalSection
	GlobalSection(ProjectConfigurationPlatforms) = postSolution
		{A1722445-71DB-42BD-A8EB-9FA27B1A7177}.Debug|Any CPU.ActiveCfg = Debug|Any CPU
		{A1722445-71DB-42BD-A8EB-9FA27B1A7177}.Release|Any CPU.ActiveCfg = Release|Any CPU
	EndGlobalSection
	GlobalSection(SolutionProperties) = preSolution
		HideSolutionNode = FALSE
	EndGlobalSection
	GlobalSection(ExtensibilityGlobals) = postSolution
		SolutionGuid = {57EAB976-95A6-4A67-A5F1-38C522495141}
	EndGlobalSection
EndGlobal
