
Microsoft Visual Studio Solution File, Format Version 12.00
# Visual Studio Version 17
VisualStudioVersion = 17.10.35122.118
MinimumVisualStudioVersion = 10.0.40219.1
Project("{888888A0-9F3D-457C-B088-3A5042F75D52}") = "Attributes", "Attributes\Attributes.pyproj", "{6C999C7A-E542-47A9-A9F0-07BDF7928006}"
EndProject
Global
	GlobalSection(SolutionConfigurationPlatforms) = preSolution
		Debug|Any CPU = Debug|Any CPU
		Release|Any CPU = Release|Any CPU
	EndGlobalSection
	GlobalSection(ProjectConfigurationPlatforms) = postSolution
		{6C999C7A-E542-47A9-A9F0-07BDF7928006}.Debug|Any CPU.ActiveCfg = Debug|Any CPU
		{6C999C7A-E542-47A9-A9F0-07BDF7928006}.Release|Any CPU.ActiveCfg = Release|Any CPU
	EndGlobalSection
	GlobalSection(SolutionProperties) = preSolution
		HideSolutionNode = FALSE
	EndGlobalSection
	GlobalSection(ExtensibilityGlobals) = postSolution
		SolutionGuid = {B07B06BC-7031-4A66-87A4-6A8DF3009832}
	EndGlobalSection
EndGlobal
