
Microsoft Visual Studio Solution File, Format Version 12.00
# Visual Studio Version 17
VisualStudioVersion = 17.10.35122.118
MinimumVisualStudioVersion = 10.0.40219.1
Project("{888888A0-9F3D-457C-B088-3A5042F75D52}") = "Connect4", "Connect4\Connect4.pyproj", "{8D6F2306-71F4-4FE6-8010-D1629E044312}"
EndProject
Global
	GlobalSection(SolutionConfigurationPlatforms) = preSolution
		Debug|Any CPU = Debug|Any CPU
		Release|Any CPU = Release|Any CPU
	EndGlobalSection
	GlobalSection(ProjectConfigurationPlatforms) = postSolution
		{8D6F2306-71F4-4FE6-8010-D1629E044312}.Debug|Any CPU.ActiveCfg = Debug|Any CPU
		{8D6F2306-71F4-4FE6-8010-D1629E044312}.Release|Any CPU.ActiveCfg = Release|Any CPU
	EndGlobalSection
	GlobalSection(SolutionProperties) = preSolution
		HideSolutionNode = FALSE
	EndGlobalSection
	GlobalSection(ExtensibilityGlobals) = postSolution
		SolutionGuid = {59747857-65ED-4C93-977D-36A94FEB32EA}
	EndGlobalSection
EndGlobal
