
Microsoft Visual Studio Solution File, Format Version 12.00
# Visual Studio Version 17
VisualStudioVersion = 17.10.35122.118
MinimumVisualStudioVersion = 10.0.40219.1
Project("{888888A0-9F3D-457C-B088-3A5042F75D52}") = "ExamGrade", "ExamGrade\ExamGrade.pyproj", "{6AED06A0-9CC9-4178-9CDD-1545FD2E3591}"
EndProject
Global
	GlobalSection(SolutionConfigurationPlatforms) = preSolution
		Debug|Any CPU = Debug|Any CPU
		Release|Any CPU = Release|Any CPU
	EndGlobalSection
	GlobalSection(ProjectConfigurationPlatforms) = postSolution
		{6AED06A0-9CC9-4178-9CDD-1545FD2E3591}.Debug|Any CPU.ActiveCfg = Debug|Any CPU
		{6AED06A0-9CC9-4178-9CDD-1545FD2E3591}.Release|Any CPU.ActiveCfg = Release|Any CPU
	EndGlobalSection
	GlobalSection(SolutionProperties) = preSolution
		HideSolutionNode = FALSE
	EndGlobalSection
	GlobalSection(ExtensibilityGlobals) = postSolution
		SolutionGuid = {79BE6E5C-6482-4BC4-BE6D-6403E62A1AF1}
	EndGlobalSection
EndGlobal
