
Microsoft Visual Studio Solution File, Format Version 12.00
# Visual Studio Version 17
VisualStudioVersion = 17.10.35122.118
MinimumVisualStudioVersion = 10.0.40219.1
Project("{888888A0-9F3D-457C-B088-3A5042F75D52}") = "DiceFace", "DiceFace\DiceFace.pyproj", "{5B9B23A5-3E07-4478-97CE-830ED7836AE8}"
EndProject
Global
	GlobalSection(SolutionConfigurationPlatforms) = preSolution
		Debug|Any CPU = Debug|Any CPU
		Release|Any CPU = Release|Any CPU
	EndGlobalSection
	GlobalSection(ProjectConfigurationPlatforms) = postSolution
		{5B9B23A5-3E07-4478-97CE-830ED7836AE8}.Debug|Any CPU.ActiveCfg = Debug|Any CPU
		{5B9B23A5-3E07-4478-97CE-830ED7836AE8}.Release|Any CPU.ActiveCfg = Release|Any CPU
	EndGlobalSection
	GlobalSection(SolutionProperties) = preSolution
		HideSolutionNode = FALSE
	EndGlobalSection
	GlobalSection(ExtensibilityGlobals) = postSolution
		SolutionGuid = {F5D5F84D-4D54-4387-8CE8-0D9C3571A7D7}
	EndGlobalSection
EndGlobal
