
Microsoft Visual Studio Solution File, Format Version 12.00
# Visual Studio Version 17
VisualStudioVersion = 17.10.35122.118
MinimumVisualStudioVersion = 10.0.40219.1
Project("{888888A0-9F3D-457C-B088-3A5042F75D52}") = "GiraffeHeight", "GiraffeHeight\GiraffeHeight.pyproj", "{B093992C-D1A7-46DA-80F4-4CF7A0ED2266}"
EndProject
Global
	GlobalSection(SolutionConfigurationPlatforms) = preSolution
		Debug|Any CPU = Debug|Any CPU
		Release|Any CPU = Release|Any CPU
	EndGlobalSection
	GlobalSection(ProjectConfigurationPlatforms) = postSolution
		{B093992C-D1A7-46DA-80F4-4CF7A0ED2266}.Debug|Any CPU.ActiveCfg = Debug|Any CPU
		{B093992C-D1A7-46DA-80F4-4CF7A0ED2266}.Release|Any CPU.ActiveCfg = Release|Any CPU
	EndGlobalSection
	GlobalSection(SolutionProperties) = preSolution
		HideSolutionNode = FALSE
	EndGlobalSection
	GlobalSection(ExtensibilityGlobals) = postSolution
		SolutionGuid = {144275BD-AEC5-4BCB-94EB-2148406796F1}
	EndGlobalSection
EndGlobal
