
Microsoft Visual Studio Solution File, Format Version 12.00
# Visual Studio Version 17
VisualStudioVersion = 17.10.35122.118
MinimumVisualStudioVersion = 10.0.40219.1
Project("{888888A0-9F3D-457C-B088-3A5042F75D52}") = "Disemvowel", "Disemvowel\Disemvowel.pyproj", "{7E1763AA-1887-4A01-87E6-ECD16E0B07E4}"
EndProject
Global
	GlobalSection(SolutionConfigurationPlatforms) = preSolution
		Debug|Any CPU = Debug|Any CPU
		Release|Any CPU = Release|Any CPU
	EndGlobalSection
	GlobalSection(ProjectConfigurationPlatforms) = postSolution
		{7E1763AA-1887-4A01-87E6-ECD16E0B07E4}.Debug|Any CPU.ActiveCfg = Debug|Any CPU
		{7E1763AA-1887-4A01-87E6-ECD16E0B07E4}.Release|Any CPU.ActiveCfg = Release|Any CPU
	EndGlobalSection
	GlobalSection(SolutionProperties) = preSolution
		HideSolutionNode = FALSE
	EndGlobalSection
	GlobalSection(ExtensibilityGlobals) = postSolution
		SolutionGuid = {4FAC7B20-BCCF-48AB-BB8C-B31D8860EFE1}
	EndGlobalSection
EndGlobal
