
Microsoft Visual Studio Solution File, Format Version 12.00
# Visual Studio Version 17
VisualStudioVersion = 17.10.35122.118
MinimumVisualStudioVersion = 10.0.40219.1
Project("{888888A0-9F3D-457C-B088-3A5042F75D52}") = "DebitCard", "DebitCard\DebitCard.pyproj", "{89920859-4423-488C-B580-56B8F0A2E5DD}"
EndProject
Global
	GlobalSection(SolutionConfigurationPlatforms) = preSolution
		Debug|Any CPU = Debug|Any CPU
		Release|Any CPU = Release|Any CPU
	EndGlobalSection
	GlobalSection(ProjectConfigurationPlatforms) = postSolution
		{89920859-4423-488C-B580-56B8F0A2E5DD}.Debug|Any CPU.ActiveCfg = Debug|Any CPU
		{89920859-4423-488C-B580-56B8F0A2E5DD}.Release|Any CPU.ActiveCfg = Release|Any CPU
	EndGlobalSection
	GlobalSection(SolutionProperties) = preSolution
		HideSolutionNode = FALSE
	EndGlobalSection
	GlobalSection(ExtensibilityGlobals) = postSolution
		SolutionGuid = {5F0446FC-2BC9-4AB6-B859-E0CE76296004}
	EndGlobalSection
EndGlobal
