
Microsoft Visual Studio Solution File, Format Version 12.00
# Visual Studio Version 17
VisualStudioVersion = 17.10.35122.118
MinimumVisualStudioVersion = 10.0.40219.1
Project("{888888A0-9F3D-457C-B088-3A5042F75D52}") = "CurrencyConverter", "CurrencyConverter\CurrencyConverter.pyproj", "{A5820FD7-CB91-4AEE-A672-4FD7B34547EA}"
EndProject
Global
	GlobalSection(SolutionConfigurationPlatforms) = preSolution
		Debug|Any CPU = Debug|Any CPU
		Release|Any CPU = Release|Any CPU
	EndGlobalSection
	GlobalSection(ProjectConfigurationPlatforms) = postSolution
		{A5820FD7-CB91-4AEE-A672-4FD7B34547EA}.Debug|Any CPU.ActiveCfg = Debug|Any CPU
		{A5820FD7-CB91-4AEE-A672-4FD7B34547EA}.Release|Any CPU.ActiveCfg = Release|Any CPU
	EndGlobalSection
	GlobalSection(SolutionProperties) = preSolution
		HideSolutionNode = FALSE
	EndGlobalSection
	GlobalSection(ExtensibilityGlobals) = postSolution
		SolutionGuid = {EC58A00F-38E2-4E5B-A143-D8D50101A8BA}
	EndGlobalSection
EndGlobal
